// !$*UTF8*$!
{
	archiveVersion = 1;
	classes = {
	};
	objectVersion = 51;
	objects = {

/* Begin PBXBuildFile section */
		1F545EBE25FA0E9B00245190 /* Constants.swift in Sources */ = {isa = PBXBuildFile; fileRef = 1F545EBD25FA0E9B00245190 /* Constants.swift */; };
		1F895B2325F76DBB006058F5 /* GoogleService-Info.plist in Resources */ = {isa = PBXBuildFile; fileRef = 1F895B2225F76DBB006058F5 /* GoogleService-Info.plist */; };
		1FD042A825E4F2130064FC0C /* AppDelegate.swift in Sources */ = {isa = PBXBuildFile; fileRef = 1FD042A725E4F2130064FC0C /* AppDelegate.swift */; };
		1FD042AA25E4F2130064FC0C /* SceneDelegate.swift in Sources */ = {isa = PBXBuildFile; fileRef = 1FD042A925E4F2130064FC0C /* SceneDelegate.swift */; };
		1FD042AC25E4F2130064FC0C /* ViewController.swift in Sources */ = {isa = PBXBuildFile; fileRef = 1FD042AB25E4F2130064FC0C /* ViewController.swift */; };
		1FD042AF25E4F2130064FC0C /* Main.storyboard in Resources */ = {isa = PBXBuildFile; fileRef = 1FD042AD25E4F2130064FC0C /* Main.storyboard */; };
		1FD042B125E4F2140064FC0C /* Assets.xcassets in Resources */ = {isa = PBXBuildFile; fileRef = 1FD042B025E4F2140064FC0C /* Assets.xcassets */; };
		1FD042B425E4F2140064FC0C /* LaunchScreen.storyboard in Resources */ = {isa = PBXBuildFile; fileRef = 1FD042B225E4F2140064FC0C /* LaunchScreen.storyboard */; };
		1FD042BC25E4F2780064FC0C /* SignUpViewController.swift in Sources */ = {isa = PBXBuildFile; fileRef = 1FD042BB25E4F2780064FC0C /* SignUpViewController.swift */; };
		1FD042BE25E4F2950064FC0C /* LoginViewController.swift in Sources */ = {isa = PBXBuildFile; fileRef = 1FD042BD25E4F2950064FC0C /* LoginViewController.swift */; };
		1FD042C025E4F2AF0064FC0C /* HomeViewController.swift in Sources */ = {isa = PBXBuildFile; fileRef = 1FD042BF25E4F2AF0064FC0C /* HomeViewController.swift */; };
		1FD042C325E5C8000064FC0C /* Utilities.swift in Sources */ = {isa = PBXBuildFile; fileRef = 1FD042C225E5C8000064FC0C /* Utilities.swift */; };
		A92DD243260CC8DC0009C17C /* SearchUsersTableViewController.swift in Sources */ = {isa = PBXBuildFile; fileRef = A92DD242260CC8DC0009C17C /* SearchUsersTableViewController.swift */; };
		E70A549ACFE9DF64148F032F /* Pods_SupLogin.framework in Frameworks */ = {isa = PBXBuildFile; fileRef = 05F2F7303AF8562B849398E0 /* Pods_SupLogin.framework */; };
/* End PBXBuildFile section */

/* Begin PBXFileReference section */
		05F2F7303AF8562B849398E0 /* Pods_SupLogin.framework */ = {isa = PBXFileReference; explicitFileType = wrapper.framework; includeInIndex = 0; path = Pods_SupLogin.framework; sourceTree = BUILT_PRODUCTS_DIR; };
		1BD7FCAEC318F27E8E11E774 /* Pods-SupLogin.debug.xcconfig */ = {isa = PBXFileReference; includeInIndex = 1; lastKnownFileType = text.xcconfig; name = "Pods-SupLogin.debug.xcconfig"; path = "Target Support Files/Pods-SupLogin/Pods-SupLogin.debug.xcconfig"; sourceTree = "<group>"; };
		1F545EBD25FA0E9B00245190 /* Constants.swift */ = {isa = PBXFileReference; lastKnownFileType = sourcecode.swift; path = Constants.swift; sourceTree = "<group>"; };
		1F895B2225F76DBB006058F5 /* GoogleService-Info.plist */ = {isa = PBXFileReference; fileEncoding = 4; lastKnownFileType = text.plist.xml; path = "GoogleService-Info.plist"; sourceTree = "<group>"; };
		1FD042A425E4F2130064FC0C /* SupLogin.app */ = {isa = PBXFileReference; explicitFileType = wrapper.application; includeInIndex = 0; path = SupLogin.app; sourceTree = BUILT_PRODUCTS_DIR; };
		1FD042A725E4F2130064FC0C /* AppDelegate.swift */ = {isa = PBXFileReference; lastKnownFileType = sourcecode.swift; path = AppDelegate.swift; sourceTree = "<group>"; };
		1FD042A925E4F2130064FC0C /* SceneDelegate.swift */ = {isa = PBXFileReference; lastKnownFileType = sourcecode.swift; path = SceneDelegate.swift; sourceTree = "<group>"; };
		1FD042AB25E4F2130064FC0C /* ViewController.swift */ = {isa = PBXFileReference; lastKnownFileType = sourcecode.swift; path = ViewController.swift; sourceTree = "<group>"; };
		1FD042AE25E4F2130064FC0C /* Base */ = {isa = PBXFileReference; lastKnownFileType = file.storyboard; name = Base; path = Base.lproj/Main.storyboard; sourceTree = "<group>"; };
		1FD042B025E4F2140064FC0C /* Assets.xcassets */ = {isa = PBXFileReference; lastKnownFileType = folder.assetcatalog; path = Assets.xcassets; sourceTree = "<group>"; };
		1FD042B325E4F2140064FC0C /* Base */ = {isa = PBXFileReference; lastKnownFileType = file.storyboard; name = Base; path = Base.lproj/LaunchScreen.storyboard; sourceTree = "<group>"; };
		1FD042B525E4F2140064FC0C /* Info.plist */ = {isa = PBXFileReference; lastKnownFileType = text.plist.xml; path = Info.plist; sourceTree = "<group>"; };
		1FD042BB25E4F2780064FC0C /* SignUpViewController.swift */ = {isa = PBXFileReference; lastKnownFileType = sourcecode.swift; path = SignUpViewController.swift; sourceTree = "<group>"; };
		1FD042BD25E4F2950064FC0C /* LoginViewController.swift */ = {isa = PBXFileReference; lastKnownFileType = sourcecode.swift; path = LoginViewController.swift; sourceTree = "<group>"; };
		1FD042BF25E4F2AF0064FC0C /* HomeViewController.swift */ = {isa = PBXFileReference; lastKnownFileType = sourcecode.swift; path = HomeViewController.swift; sourceTree = "<group>"; };
		1FD042C225E5C8000064FC0C /* Utilities.swift */ = {isa = PBXFileReference; fileEncoding = 4; lastKnownFileType = sourcecode.swift; path = Utilities.swift; sourceTree = "<group>"; };
		51DD460D47FC69D1E527EDFB /* Pods-SupLogin.release.xcconfig */ = {isa = PBXFileReference; includeInIndex = 1; lastKnownFileType = text.xcconfig; name = "Pods-SupLogin.release.xcconfig"; path = "Target Support Files/Pods-SupLogin/Pods-SupLogin.release.xcconfig"; sourceTree = "<group>"; };
		A92DD242260CC8DC0009C17C /* SearchUsersTableViewController.swift */ = {isa = PBXFileReference; lastKnownFileType = sourcecode.swift; path = SearchUsersTableViewController.swift; sourceTree = "<group>"; };
/* End PBXFileReference section */

/* Begin PBXFrameworksBuildPhase section */
		1FD042A125E4F2130064FC0C /* Frameworks */ = {
			isa = PBXFrameworksBuildPhase;
			buildActionMask = 2147483647;
			files = (
				E70A549ACFE9DF64148F032F /* Pods_SupLogin.framework in Frameworks */,
			);
			runOnlyForDeploymentPostprocessing = 0;
		};
/* End PBXFrameworksBuildPhase section */

/* Begin PBXGroup section */
		1FD0429B25E4F2130064FC0C = {
			isa = PBXGroup;
			children = (
				A92DD242260CC8DC0009C17C /* SearchUsersTableViewController.swift */,
				1FD042A625E4F2130064FC0C /* SupLogin */,
				1FD042A525E4F2130064FC0C /* Products */,
				CC2260B27D3F6EE1FE5F4F12 /* Pods */,
				A52D8B631953F9E666D7B7C9 /* Frameworks */,
			);
			sourceTree = "<group>";
		};
		1FD042A525E4F2130064FC0C /* Products */ = {
			isa = PBXGroup;
			children = (
				1FD042A425E4F2130064FC0C /* SupLogin.app */,
			);
			name = Products;
			sourceTree = "<group>";
		};
		1FD042A625E4F2130064FC0C /* SupLogin */ = {
			isa = PBXGroup;
			children = (
				1FD042C425E5C8140064FC0C /* Helpers */,
				1FD042C125E4F2BE0064FC0C /* ViewControllers */,
				1FD042A725E4F2130064FC0C /* AppDelegate.swift */,
				1FD042A925E4F2130064FC0C /* SceneDelegate.swift */,
				1FD042AD25E4F2130064FC0C /* Main.storyboard */,
				1FD042B025E4F2140064FC0C /* Assets.xcassets */,
				1FD042B225E4F2140064FC0C /* LaunchScreen.storyboard */,
				1FD042B525E4F2140064FC0C /* Info.plist */,
				1F895B2225F76DBB006058F5 /* GoogleService-Info.plist */,
			);
			path = SupLogin;
			sourceTree = "<group>";
		};
		1FD042C125E4F2BE0064FC0C /* ViewControllers */ = {
			isa = PBXGroup;
			children = (
				1FD042AB25E4F2130064FC0C /* ViewController.swift */,
				1FD042BB25E4F2780064FC0C /* SignUpViewController.swift */,
				1FD042BD25E4F2950064FC0C /* LoginViewController.swift */,
				1FD042BF25E4F2AF0064FC0C /* HomeViewController.swift */,
			);
			path = ViewControllers;
			sourceTree = "<group>";
		};
		1FD042C425E5C8140064FC0C /* Helpers */ = {
			isa = PBXGroup;
			children = (
				1FD042C225E5C8000064FC0C /* Utilities.swift */,
				1F545EBD25FA0E9B00245190 /* Constants.swift */,
			);
			path = Helpers;
			sourceTree = "<group>";
		};
		A52D8B631953F9E666D7B7C9 /* Frameworks */ = {
			isa = PBXGroup;
			children = (
				05F2F7303AF8562B849398E0 /* Pods_SupLogin.framework */,
			);
			name = Frameworks;
			sourceTree = "<group>";
		};
		CC2260B27D3F6EE1FE5F4F12 /* Pods */ = {
			isa = PBXGroup;
			children = (
				1BD7FCAEC318F27E8E11E774 /* Pods-SupLogin.debug.xcconfig */,
				51DD460D47FC69D1E527EDFB /* Pods-SupLogin.release.xcconfig */,
			);
			path = Pods;
			sourceTree = "<group>";
		};
/* End PBXGroup section */

/* Begin PBXNativeTarget section */
		1FD042A325E4F2130064FC0C /* SupLogin */ = {
			isa = PBXNativeTarget;
			buildConfigurationList = 1FD042B825E4F2140064FC0C /* Build configuration list for PBXNativeTarget "SupLogin" */;
			buildPhases = (
				0CC8CF5EDDF4E9F6C47220C4 /* [CP] Check Pods Manifest.lock */,
				1FD042A025E4F2130064FC0C /* Sources */,
				1FD042A125E4F2130064FC0C /* Frameworks */,
				1FD042A225E4F2130064FC0C /* Resources */,
				CE4DB69B83115C8DBA6303E7 /* [CP] Embed Pods Frameworks */,
			);
			buildRules = (
			);
			dependencies = (
			);
			name = SupLogin;
			productName = SupLogin;
			productReference = 1FD042A425E4F2130064FC0C /* SupLogin.app */;
			productType = "com.apple.product-type.application";
		};
/* End PBXNativeTarget section */

/* Begin PBXProject section */
		1FD0429C25E4F2130064FC0C /* Project object */ = {
			isa = PBXProject;
			attributes = {
				LastSwiftUpdateCheck = 1160;
				LastUpgradeCheck = 1240;
				ORGANIZATIONNAME = Fabian;
				TargetAttributes = {
					1FD042A325E4F2130064FC0C = {
						CreatedOnToolsVersion = 11.6;
					};
				};
			};
			buildConfigurationList = 1FD0429F25E4F2130064FC0C /* Build configuration list for PBXProject "SupLogin" */;
			compatibilityVersion = "Xcode 9.3";
			developmentRegion = en;
			hasScannedForEncodings = 0;
			knownRegions = (
				en,
				Base,
			);
			mainGroup = 1FD0429B25E4F2130064FC0C;
			productRefGroup = 1FD042A525E4F2130064FC0C /* Products */;
			projectDirPath = "";
			projectRoot = "";
			targets = (
				1FD042A325E4F2130064FC0C /* SupLogin */,
			);
		};
/* End PBXProject section */

/* Begin PBXResourcesBuildPhase section */
		1FD042A225E4F2130064FC0C /* Resources */ = {
			isa = PBXResourcesBuildPhase;
			buildActionMask = 2147483647;
			files = (
				1FD042B425E4F2140064FC0C /* LaunchScreen.storyboard in Resources */,
				1F895B2325F76DBB006058F5 /* GoogleService-Info.plist in Resources */,
				1FD042B125E4F2140064FC0C /* Assets.xcassets in Resources */,
				1FD042AF25E4F2130064FC0C /* Main.storyboard in Resources */,
			);
			runOnlyForDeploymentPostprocessing = 0;
		};
/* End PBXResourcesBuildPhase section */

/* Begin PBXShellScriptBuildPhase section */
		0CC8CF5EDDF4E9F6C47220C4 /* [CP] Check Pods Manifest.lock */ = {
			isa = PBXShellScriptBuildPhase;
			buildActionMask = 2147483647;
			files = (
			);
			inputFileListPaths = (
			);
			inputPaths = (
				"${PODS_PODFILE_DIR_PATH}/Podfile.lock",
				"${PODS_ROOT}/Manifest.lock",
			);
			name = "[CP] Check Pods Manifest.lock";
			outputFileListPaths = (
			);
			outputPaths = (
				"$(DERIVED_FILE_DIR)/Pods-SupLogin-checkManifestLockResult.txt",
			);
			runOnlyForDeploymentPostprocessing = 0;
			shellPath = /bin/sh;
			shellScript = "diff \"${PODS_PODFILE_DIR_PATH}/Podfile.lock\" \"${PODS_ROOT}/Manifest.lock\" > /dev/null\nif [ $? != 0 ] ; then\n    # print error to STDERR\n    echo \"error: The sandbox is not in sync with the Podfile.lock. Run 'pod install' or update your CocoaPods installation.\" >&2\n    exit 1\nfi\n# This output is used by Xcode 'outputs' to avoid re-running this script phase.\necho \"SUCCESS\" > \"${SCRIPT_OUTPUT_FILE_0}\"\n";
			showEnvVarsInLog = 0;
		};
		CE4DB69B83115C8DBA6303E7 /* [CP] Embed Pods Frameworks */ = {
			isa = PBXShellScriptBuildPhase;
			buildActionMask = 2147483647;
			files = (
			);
			inputFileListPaths = (
				"${PODS_ROOT}/Target Support Files/Pods-SupLogin/Pods-SupLogin-frameworks-${CONFIGURATION}-input-files.xcfilelist",
			);
			name = "[CP] Embed Pods Frameworks";
			outputFileListPaths = (
				"${PODS_ROOT}/Target Support Files/Pods-SupLogin/Pods-SupLogin-frameworks-${CONFIGURATION}-output-files.xcfilelist",
			);
			runOnlyForDeploymentPostprocessing = 0;
			shellPath = /bin/sh;
			shellScript = "\"${PODS_ROOT}/Target Support Files/Pods-SupLogin/Pods-SupLogin-frameworks.sh\"\n";
			showEnvVarsInLog = 0;
		};
/* End PBXShellScriptBuildPhase section */

/* Begin PBXSourcesBuildPhase section */
		1FD042A025E4F2130064FC0C /* Sources */ = {
			isa = PBXSourcesBuildPhase;
			buildActionMask = 2147483647;
			files = (
				1FD042AC25E4F2130064FC0C /* ViewController.swift in Sources */,
				1FD042A825E4F2130064FC0C /* AppDelegate.swift in Sources */,
				1FD042C325E5C8000064FC0C /* Utilities.swift in Sources */,
				A92DD243260CC8DC0009C17C /* SearchUsersTableViewController.swift in Sources */,
				1FD042BC25E4F2780064FC0C /* SignUpViewController.swift in Sources */,
				1FD042BE25E4F2950064FC0C /* LoginViewController.swift in Sources */,
				1FD042AA25E4F2130064FC0C /* SceneDelegate.swift in Sources */,
				1FD042C025E4F2AF0064FC0C /* HomeViewController.swift in Sources */,
				1F545EBE25FA0E9B00245190 /* Constants.swift in Sources */,
			);
			runOnlyForDeploymentPostprocessing = 0;
		};
/* End PBXSourcesBuildPhase section */

/* Begin PBXVariantGroup section */
		1FD042AD25E4F2130064FC0C /* Main.storyboard */ = {
			isa = PBXVariantGroup;
			children = (
				1FD042AE25E4F2130064FC0C /* Base */,
			);
			name = Main.storyboard;
			sourceTree = "<group>";
		};
		1FD042B225E4F2140064FC0C /* LaunchScreen.storyboard */ = {
			isa = PBXVariantGroup;
			children = (
				1FD042B325E4F2140064FC0C /* Base */,
			);
			name = LaunchScreen.storyboard;
			sourceTree = "<group>";
		};
/* End PBXVariantGroup section */

/* Begin XCBuildConfiguration section */
		1FD042B625E4F2140064FC0C /* Debug */ = {
			isa = XCBuildConfiguration;
			buildSettings = {
				ALWAYS_SEARCH_USER_PATHS = NO;
				CLANG_ANALYZER_NONNULL = YES;
				CLANG_ANALYZER_NUMBER_OBJECT_CONVERSION = YES_AGGRESSIVE;
				CLANG_CXX_LANGUAGE_STANDARD = "gnu++14";
				CLANG_CXX_LIBRARY = "libc++";
				CLANG_ENABLE_MODULES = YES;
				CLANG_ENABLE_OBJC_ARC = YES;
				CLANG_ENABLE_OBJC_WEAK = YES;
				CLANG_WARN_BLOCK_CAPTURE_AUTORELEASING = YES;
				CLANG_WARN_BOOL_CONVERSION = YES;
				CLANG_WARN_COMMA = YES;
				CLANG_WARN_CONSTANT_CONVERSION = YES;
				CLANG_WARN_DEPRECATED_OBJC_IMPLEMENTATIONS = YES;
				CLANG_WARN_DIRECT_OBJC_ISA_USAGE = YES_ERROR;
				CLANG_WARN_DOCUMENTATION_COMMENTS = YES;
				CLANG_WARN_EMPTY_BODY = YES;
				CLANG_WARN_ENUM_CONVERSION = YES;
				CLANG_WARN_INFINITE_RECURSION = YES;
				CLANG_WARN_INT_CONVERSION = YES;
				CLANG_WARN_NON_LITERAL_NULL_CONVERSION = YES;
				CLANG_WARN_OBJC_IMPLICIT_RETAIN_SELF = YES;
				CLANG_WARN_OBJC_LITERAL_CONVERSION = YES;
				CLANG_WARN_OBJC_ROOT_CLASS = YES_ERROR;
				CLANG_WARN_QUOTED_INCLUDE_IN_FRAMEWORK_HEADER = YES;
				CLANG_WARN_RANGE_LOOP_ANALYSIS = YES;
				CLANG_WARN_STRICT_PROTOTYPES = YES;
				CLANG_WARN_SUSPICIOUS_MOVE = YES;
				CLANG_WARN_UNGUARDED_AVAILABILITY = YES_AGGRESSIVE;
				CLANG_WARN_UNREACHABLE_CODE = YES;
				CLANG_WARN__DUPLICATE_METHOD_MATCH = YES;
				COPY_PHASE_STRIP = NO;
				DEBUG_INFORMATION_FORMAT = dwarf;
				ENABLE_STRICT_OBJC_MSGSEND = YES;
				ENABLE_TESTABILITY = YES;
				GCC_C_LANGUAGE_STANDARD = gnu11;
				GCC_DYNAMIC_NO_PIC = NO;
				GCC_NO_COMMON_BLOCKS = YES;
				GCC_OPTIMIZATION_LEVEL = 0;
				GCC_PREPROCESSOR_DEFINITIONS = (
					"DEBUG=1",
					"$(inherited)",
				);
				GCC_WARN_64_TO_32_BIT_CONVERSION = YES;
				GCC_WARN_ABOUT_RETURN_TYPE = YES_ERROR;
				GCC_WARN_UNDECLARED_SELECTOR = YES;
				GCC_WARN_UNINITIALIZED_AUTOS = YES_AGGRESSIVE;
				GCC_WARN_UNUSED_FUNCTION = YES;
				GCC_WARN_UNUSED_VARIABLE = YES;
				IPHONEOS_DEPLOYMENT_TARGET = 13.6;
				MTL_ENABLE_DEBUG_INFO = INCLUDE_SOURCE;
				MTL_FAST_MATH = YES;
				ONLY_ACTIVE_ARCH = YES;
				SDKROOT = iphoneos;
				SWIFT_ACTIVE_COMPILATION_CONDITIONS = DEBUG;
				SWIFT_OPTIMIZATION_LEVEL = "-Onone";
			};
			name = Debug;
		};
		1FD042B725E4F2140064FC0C /* Release */ = {
			isa = XCBuildConfiguration;
			buildSettings = {
				ALWAYS_SEARCH_USER_PATHS = NO;
				CLANG_ANALYZER_NONNULL = YES;
				CLANG_ANALYZER_NUMBER_OBJECT_CONVERSION = YES_AGGRESSIVE;
				CLANG_CXX_LANGUAGE_STANDARD = "gnu++14";
				CLANG_CXX_LIBRARY = "libc++";
				CLANG_ENABLE_MODULES = YES;
				CLANG_ENABLE_OBJC_ARC = YES;
				CLANG_ENABLE_OBJC_WEAK = YES;
				CLANG_WARN_BLOCK_CAPTURE_AUTORELEASING = YES;
				CLANG_WARN_BOOL_CONVERSION = YES;
				CLANG_WARN_COMMA = YES;
				CLANG_WARN_CONSTANT_CONVERSION = YES;
				CLANG_WARN_DEPRECATED_OBJC_IMPLEMENTATIONS = YES;
				CLANG_WARN_DIRECT_OBJC_ISA_USAGE = YES_ERROR;
				CLANG_WARN_DOCUMENTATION_COMMENTS = YES;
				CLANG_WARN_EMPTY_BODY = YES;
				CLANG_WARN_ENUM_CONVERSION = YES;
				CLANG_WARN_INFINITE_RECURSION = YES;
				CLANG_WARN_INT_CONVERSION = YES;
				CLANG_WARN_NON_LITERAL_NULL_CONVERSION = YES;
				CLANG_WARN_OBJC_IMPLICIT_RETAIN_SELF = YES;
				CLANG_WARN_OBJC_LITERAL_CONVERSION = YES;
				CLANG_WARN_OBJC_ROOT_CLASS = YES_ERROR;
				CLANG_WARN_QUOTED_INCLUDE_IN_FRAMEWORK_HEADER = YES;
				CLANG_WARN_RANGE_LOOP_ANALYSIS = YES;
				CLANG_WARN_STRICT_PROTOTYPES = YES;
				CLANG_WARN_SUSPICIOUS_MOVE = YES;
				CLANG_WARN_UNGUARDED_AVAILABILITY = YES_AGGRESSIVE;
				CLANG_WARN_UNREACHABLE_CODE = YES;
				CLANG_WARN__DUPLICATE_METHOD_MATCH = YES;
				COPY_PHASE_STRIP = NO;
				DEBUG_INFORMATION_FORMAT = "dwarf-with-dsym";
				ENABLE_NS_ASSERTIONS = NO;
				ENABLE_STRICT_OBJC_MSGSEND = YES;
				GCC_C_LANGUAGE_STANDARD = gnu11;
				GCC_NO_COMMON_BLOCKS = YES;
				GCC_WARN_64_TO_32_BIT_CONVERSION = YES;
				GCC_WARN_ABOUT_RETURN_TYPE = YES_ERROR;
				GCC_WARN_UNDECLARED_SELECTOR = YES;
				GCC_WARN_UNINITIALIZED_AUTOS = YES_AGGRESSIVE;
				GCC_WARN_UNUSED_FUNCTION = YES;
				GCC_WARN_UNUSED_VARIABLE = YES;
				IPHONEOS_DEPLOYMENT_TARGET = 13.6;
				MTL_ENABLE_DEBUG_INFO = NO;
				MTL_FAST_MATH = YES;
				SDKROOT = iphoneos;
				SWIFT_COMPILATION_MODE = wholemodule;
				SWIFT_OPTIMIZATION_LEVEL = "-O";
				VALIDATE_PRODUCT = YES;
			};
			name = Release;
		};
		1FD042B925E4F2140064FC0C /* Debug */ = {
			isa = XCBuildConfiguration;
			baseConfigurationReference = 1BD7FCAEC318F27E8E11E774 /* Pods-SupLogin.debug.xcconfig */;
			buildSettings = {
				ASSETCATALOG_COMPILER_APPICON_NAME = AppIcon;
				CODE_SIGN_STYLE = Automatic;
				DEVELOPMENT_TEAM = U77489H6R3;
				INFOPLIST_FILE = SupLogin/Info.plist;
				LD_RUNPATH_SEARCH_PATHS = (
					"$(inherited)",
					"@executable_path/Frameworks",
				);
				PRODUCT_BUNDLE_IDENTIFIER = fabian.SupLogin;
				PRODUCT_NAME = "$(TARGET_NAME)";
				SWIFT_VERSION = 5.0;
				TARGETED_DEVICE_FAMILY = "1,2";
			};
			name = Debug;
		};
		1FD042BA25E4F2140064FC0C /* Release */ = {
			isa = XCBuildConfiguration;
			baseConfigurationReference = 51DD460D47FC69D1E527EDFB /* Pods-SupLogin.release.xcconfig */;
			buildSettings = {
				ASSETCATALOG_COMPILER_APPICON_NAME = AppIcon;
				CODE_SIGN_STYLE = Automatic;
				DEVELOPMENT_TEAM = U77489H6R3;
				INFOPLIST_FILE = SupLogin/Info.plist;
				LD_RUNPATH_SEARCH_PATHS = (
					"$(inherited)",
					"@executable_path/Frameworks",
				);
				PRODUCT_BUNDLE_IDENTIFIER = fabian.SupLogin;
				PRODUCT_NAME = "$(TARGET_NAME)";
				SWIFT_VERSION = 5.0;
				TARGETED_DEVICE_FAMILY = "1,2";
			};
			name = Release;
		};
/* End XCBuildConfiguration section */

/* Begin XCConfigurationList section */
		1FD0429F25E4F2130064FC0C /* Build configuration list for PBXProject "SupLogin" */ = {
			isa = XCConfigurationList;
			buildConfigurations = (
				1FD042B625E4F2140064FC0C /* Debug */,
				1FD042B725E4F2140064FC0C /* Release */,
			);
			defaultConfigurationIsVisible = 0;
			defaultConfigurationName = Release;
		};
		1FD042B825E4F2140064FC0C /* Build configuration list for PBXNativeTarget "SupLogin" */ = {
			isa = XCConfigurationList;
			buildConfigurations = (
				1FD042B925E4F2140064FC0C /* Debug */,
				1FD042BA25E4F2140064FC0C /* Release */,
			);
			defaultConfigurationIsVisible = 0;
			defaultConfigurationName = Release;
		};
/* End XCConfigurationList section */
	};
	rootObject = 1FD0429C25E4F2130064FC0C /* Project object */;
}
